<?xml version="1.0" encoding="utf-8"?>
<Project ToolsVersion="4.0" xmlns="http://schemas.microsoft.com/developer/msbuild/2003">
  <ItemGroup>
    <ClInclude Include="Common\CommonHeaders.h">
      <Filter>Common</Filter>
    </ClInclude>
    <ClInclude Include="Common\PrimitiveTypes.h">
      <Filter>Common</Filter>
    </ClInclude>
    <ClInclude Include="Common\id.h">
      <Filter>Common</Filter>
    </ClInclude>
    <ClInclude Include="Components\Entity.h">
      <Filter>Components</Filter>
    </ClInclude>
    <ClInclude Include="Utilities\Utilities.h">
      <Filter>Utilities</Filter>
    </ClInclude>
    <ClInclude Include="EngineAPI\GameEntity.h">
      <Filter>EngineAPI</Filter>
    </ClInclude>
    <ClInclude Include="Components\Transform.h">
      <Filter>Components</Filter>
    </ClInclude>
    <ClInclude Include="Components\ComponentsCommon.h">
      <Filter>Components</Filter>
    </ClInclude>
    <ClInclude Include="EngineAPI\TransformComponent.h">
      <Filter>EngineAPI</Filter>
    </ClInclude>
    <ClInclude Include="MathTypes.h">
      <Filter>Utilities</Filter>
    </ClInclude>
  </ItemGroup>
  <ItemGroup>
    <Filter Include="Common">
      <UniqueIdentifier>{8a0f8e63-40db-4663-8e98-fb20e25e7ce5}</UniqueIdentifier>
    </Filter>
    <Filter Include="Components">
      <UniqueIdentifier>{d8136eed-60ff-44e5-a669-88a5a6ebadb8}</UniqueIdentifier>
    </Filter>
    <Filter Include="Utilities">
      <UniqueIdentifier>{10296f41-f686-4425-82e7-b50405a4b5c4}</UniqueIdentifier>
    </Filter>
    <Filter Include="EngineAPI">
      <UniqueIdentifier>{e86dcbe9-05c4-4ae7-89ed-cc246070f08f}</UniqueIdentifier>
    </Filter>
  </ItemGroup>
  <ItemGroup>
    <ClCompile Include="Components\Entity.cpp">
      <Filter>Components</Filter>
    </ClCompile>
    <ClCompile Include="Transform.cpp">
      <Filter>Components</Filter>
    </ClCompile>
  </ItemGroup>
</Project>